// !$*UTF8*$!
{
	archiveVersion = 1;
	classes = {
	};
	objectVersion = 46;
	objects = {

/* Begin PBXBuildFile section */
		06C1D104195E96F600B8BDE4 /* StraightWireGreen.png in CopyFiles */ = {isa = PBXBuildFile; fileRef = 06C1D0FE195E96F000B8BDE4 /* StraightWireGreen.png */; };
		06C1D105195E96F800B8BDE4 /* StraightWireOrange.png in CopyFiles */ = {isa = PBXBuildFile; fileRef = 06C1D0FF195E96F000B8BDE4 /* StraightWireOrange.png */; };
		06C1D106195E96FC00B8BDE4 /* StraightWires.png in CopyFiles */ = {isa = PBXBuildFile; fileRef = 06C1D100195E96F000B8BDE4 /* StraightWires.png */; };
		06C1D107195E96FC00B8BDE4 /* WireOverlap.png in CopyFiles */ = {isa = PBXBuildFile; fileRef = 06C1D101195E96F000B8BDE4 /* WireOverlap.png */; };
		06C1D108195E96FC00B8BDE4 /* WirePair_16Full.png in CopyFiles */ = {isa = PBXBuildFile; fileRef = 06C1D102195E96F000B8BDE4 /* WirePair_16Full.png */; };
		06C1D109195E96FC00B8BDE4 /* WirePair_128Full.png in CopyFiles */ = {isa = PBXBuildFile; fileRef = 06C1D103195E96F000B8BDE4 /* WirePair_128Full.png */; };
		06C1D112196A7B7000B8BDE4 /* JumperTests.png in CopyFiles */ = {isa = PBXBuildFile; fileRef = 06C1D111196A7B6C00B8BDE4 /* JumperTests.png */; };
		06D8ED7B194EA4D600ACBD20 /* main.cpp in Sources */ = {isa = PBXBuildFile; fileRef = 06D8ED7A194EA4D600ACBD20 /* main.cpp */; };
		06D8ED86194EA4F300ACBD20 /* lodepng.cpp in Sources */ = {isa = PBXBuildFile; fileRef = 06D8ED84194EA4F300ACBD20 /* lodepng.cpp */; };
		06D8ED8A194EA9E300ACBD20 /* Circuit_2To4Decoder_v3.png in CopyFiles */ = {isa = PBXBuildFile; fileRef = 06D8ED88194EA53500ACBD20 /* Circuit_2To4Decoder_v3.png */; };
		06D8ED8B194EA9E500ACBD20 /* Circuit_2To4Decoder_v2.png in CopyFiles */ = {isa = PBXBuildFile; fileRef = 06D8ED89194EA53500ACBD20 /* Circuit_2To4Decoder_v2.png */; };
		06D8ED8E19565DAE00ACBD20 /* WireSim.cpp in Sources */ = {isa = PBXBuildFile; fileRef = 06D8ED8C19565DAE00ACBD20 /* WireSim.cpp */; };
		06FBA14E197384A7006D68CA /* TestManager.cpp in Sources */ = {isa = PBXBuildFile; fileRef = 06FBA14D197384A7006D68CA /* TestManager.cpp */; };
		06FBA15219738B8E006D68CA /* AndGateTests.png in CopyFiles */ = {isa = PBXBuildFile; fileRef = 06FBA14F19738B80006D68CA /* AndGateTests.png */; };
		06FBA15319738B8E006D68CA /* OrGateTests.png in CopyFiles */ = {isa = PBXBuildFile; fileRef = 06FBA15019738B80006D68CA /* OrGateTests.png */; };
		06FBA15419738B8E006D68CA /* XorGateTests.png in CopyFiles */ = {isa = PBXBuildFile; fileRef = 06FBA15119738B80006D68CA /* XorGateTests.png */; };
		06FBA1571973A1D7006D68CA /* NotGateTests.png in CopyFiles */ = {isa = PBXBuildFile; fileRef = 06FBA1551973A197006D68CA /* NotGateTests.png */; };
		06FBA1581973A1D7006D68CA /* SolidWire.png in CopyFiles */ = {isa = PBXBuildFile; fileRef = 06FBA1561973A1AF006D68CA /* SolidWire.png */; };
/* End PBXBuildFile section */

/* Begin PBXCopyFilesBuildPhase section */
		06D8ED75194EA4D600ACBD20 /* CopyFiles */ = {
			isa = PBXCopyFilesBuildPhase;
			buildActionMask = 12;
			dstPath = "";
			dstSubfolderSpec = 6;
			files = (
				06FBA1571973A1D7006D68CA /* NotGateTests.png in CopyFiles */,
				06FBA1581973A1D7006D68CA /* SolidWire.png in CopyFiles */,
				06FBA15219738B8E006D68CA /* AndGateTests.png in CopyFiles */,
				06FBA15319738B8E006D68CA /* OrGateTests.png in CopyFiles */,
				06FBA15419738B8E006D68CA /* XorGateTests.png in CopyFiles */,
				06C1D112196A7B7000B8BDE4 /* JumperTests.png in CopyFiles */,
				06C1D106195E96FC00B8BDE4 /* StraightWires.png in CopyFiles */,
				06C1D107195E96FC00B8BDE4 /* WireOverlap.png in CopyFiles */,
				06C1D108195E96FC00B8BDE4 /* WirePair_16Full.png in CopyFiles */,
				06C1D109195E96FC00B8BDE4 /* WirePair_128Full.png in CopyFiles */,
				06C1D105195E96F800B8BDE4 /* StraightWireOrange.png in CopyFiles */,
				06D8ED8A194EA9E300ACBD20 /* Circuit_2To4Decoder_v3.png in CopyFiles */,
				06D8ED8B194EA9E500ACBD20 /* Circuit_2To4Decoder_v2.png in CopyFiles */,
				06C1D104195E96F600B8BDE4 /* StraightWireGreen.png in CopyFiles */,
			);
			runOnlyForDeploymentPostprocessing = 0;
		};
/* End PBXCopyFilesBuildPhase section */

/* Begin PBXFileReference section */
		06C1D0FE195E96F000B8BDE4 /* StraightWireGreen.png */ = {isa = PBXFileReference; lastKnownFileType = image.png; path = StraightWireGreen.png; sourceTree = "<group>"; };
		06C1D0FF195E96F000B8BDE4 /* StraightWireOrange.png */ = {isa = PBXFileReference; lastKnownFileType = image.png; path = StraightWireOrange.png; sourceTree = "<group>"; };
		06C1D100195E96F000B8BDE4 /* StraightWires.png */ = {isa = PBXFileReference; lastKnownFileType = image.png; path = StraightWires.png; sourceTree = "<group>"; };
		06C1D101195E96F000B8BDE4 /* WireOverlap.png */ = {isa = PBXFileReference; lastKnownFileType = image.png; path = WireOverlap.png; sourceTree = "<group>"; };
		06C1D102195E96F000B8BDE4 /* WirePair_16Full.png */ = {isa = PBXFileReference; lastKnownFileType = image.png; path = WirePair_16Full.png; sourceTree = "<group>"; };
		06C1D103195E96F000B8BDE4 /* WirePair_128Full.png */ = {isa = PBXFileReference; lastKnownFileType = image.png; path = WirePair_128Full.png; sourceTree = "<group>"; };
		06C1D1101960F99A00B8BDE4 /* Vec2.h */ = {isa = PBXFileReference; fileEncoding = 4; lastKnownFileType = sourcecode.c.h; path = Vec2.h; sourceTree = "<group>"; };
		06C1D111196A7B6C00B8BDE4 /* JumperTests.png */ = {isa = PBXFileReference; lastKnownFileType = image.png; path = JumperTests.png; sourceTree = "<group>"; };
		06C1D1141971F2D400B8BDE4 /* UnitTests.txt */ = {isa = PBXFileReference; fileEncoding = 4; lastKnownFileType = text; path = UnitTests.txt; sourceTree = "<group>"; };
		06D8ED77194EA4D600ACBD20 /* WireSim */ = {isa = PBXFileReference; explicitFileType = "compiled.mach-o.executable"; includeInIndex = 0; path = WireSim; sourceTree = BUILT_PRODUCTS_DIR; };
		06D8ED7A194EA4D600ACBD20 /* main.cpp */ = {isa = PBXFileReference; lastKnownFileType = sourcecode.cpp.cpp; path = main.cpp; sourceTree = "<group>"; };
		06D8ED84194EA4F300ACBD20 /* lodepng.cpp */ = {isa = PBXFileReference; fileEncoding = 4; lastKnownFileType = sourcecode.cpp.cpp; path = lodepng.cpp; sourceTree = "<group>"; };
		06D8ED85194EA4F300ACBD20 /* lodepng.h */ = {isa = PBXFileReference; fileEncoding = 4; lastKnownFileType = sourcecode.c.h; path = lodepng.h; sourceTree = "<group>"; };
		06D8ED88194EA53500ACBD20 /* Circuit_2To4Decoder_v3.png */ = {isa = PBXFileReference; lastKnownFileType = image.png; path = Circuit_2To4Decoder_v3.png; sourceTree = "<group>"; };
		06D8ED89194EA53500ACBD20 /* Circuit_2To4Decoder_v2.png */ = {isa = PBXFileReference; lastKnownFileType = image.png; path = Circuit_2To4Decoder_v2.png; sourceTree = "<group>"; };
		06D8ED8C19565DAE00ACBD20 /* WireSim.cpp */ = {isa = PBXFileReference; fileEncoding = 4; lastKnownFileType = sourcecode.cpp.cpp; path = WireSim.cpp; sourceTree = "<group>"; };
		06D8ED8D19565DAE00ACBD20 /* WireSim.h */ = {isa = PBXFileReference; fileEncoding = 4; lastKnownFileType = sourcecode.c.h; path = WireSim.h; sourceTree = "<group>"; };
		06FBA14C1973849F006D68CA /* TestManager.h */ = {isa = PBXFileReference; lastKnownFileType = sourcecode.c.h; path = TestManager.h; sourceTree = "<group>"; };
		06FBA14D197384A7006D68CA /* TestManager.cpp */ = {isa = PBXFileReference; fileEncoding = 4; lastKnownFileType = sourcecode.cpp.cpp; path = TestManager.cpp; sourceTree = "<group>"; };
		06FBA14F19738B80006D68CA /* AndGateTests.png */ = {isa = PBXFileReference; lastKnownFileType = image.png; path = AndGateTests.png; sourceTree = "<group>"; };
		06FBA15019738B80006D68CA /* OrGateTests.png */ = {isa = PBXFileReference; lastKnownFileType = image.png; path = OrGateTests.png; sourceTree = "<group>"; };
		06FBA15119738B80006D68CA /* XorGateTests.png */ = {isa = PBXFileReference; lastKnownFileType = image.png; path = XorGateTests.png; sourceTree = "<group>"; };
		06FBA1551973A197006D68CA /* NotGateTests.png */ = {isa = PBXFileReference; lastKnownFileType = image.png; path = NotGateTests.png; sourceTree = "<group>"; };
		06FBA1561973A1AF006D68CA /* SolidWire.png */ = {isa = PBXFileReference; lastKnownFileType = image.png; path = SolidWire.png; sourceTree = "<group>"; };
/* End PBXFileReference section */

/* Begin PBXFrameworksBuildPhase section */
		06D8ED74194EA4D600ACBD20 /* Frameworks */ = {
			isa = PBXFrameworksBuildPhase;
			buildActionMask = 2147483647;
			files = (
			);
			runOnlyForDeploymentPostprocessing = 0;
		};
/* End PBXFrameworksBuildPhase section */

/* Begin PBXGroup section */
		06C1D1131971EE8200B8BDE4 /* Elements of Computer System */ = {
			isa = PBXGroup;
			children = (
				06C1D1141971F2D400B8BDE4 /* UnitTests.txt */,
			);
			name = "Elements of Computer System";
			sourceTree = "<group>";
		};
		06D8ED6E194EA4D600ACBD20 = {
			isa = PBXGroup;
			children = (
				06D8ED87194EA51100ACBD20 /* Circuits */,
				06D8ED83194EA4E100ACBD20 /* LodePng */,
				06D8ED79194EA4D600ACBD20 /* WireSim */,
				06D8ED78194EA4D600ACBD20 /* Products */,
			);
			sourceTree = "<group>";
		};
		06D8ED78194EA4D600ACBD20 /* Products */ = {
			isa = PBXGroup;
			children = (
				06D8ED77194EA4D600ACBD20 /* WireSim */,
			);
			name = Products;
			sourceTree = "<group>";
		};
		06D8ED79194EA4D600ACBD20 /* WireSim */ = {
			isa = PBXGroup;
			children = (
				06D8ED8D19565DAE00ACBD20 /* WireSim.h */,
				06D8ED8C19565DAE00ACBD20 /* WireSim.cpp */,
				06FBA14C1973849F006D68CA /* TestManager.h */,
				06FBA14D197384A7006D68CA /* TestManager.cpp */,
				06C1D1101960F99A00B8BDE4 /* Vec2.h */,
				06D8ED7A194EA4D600ACBD20 /* main.cpp */,
			);
			path = WireSim;
			sourceTree = "<group>";
		};
		06D8ED83194EA4E100ACBD20 /* LodePng */ = {
			isa = PBXGroup;
			children = (
				06D8ED84194EA4F300ACBD20 /* lodepng.cpp */,
				06D8ED85194EA4F300ACBD20 /* lodepng.h */,
			);
			name = LodePng;
			sourceTree = "<group>";
		};
		06D8ED87194EA51100ACBD20 /* Circuits */ = {
			isa = PBXGroup;
			children = (
				06C1D1131971EE8200B8BDE4 /* Elements of Computer System */,
				06FBA14F19738B80006D68CA /* AndGateTests.png */,
				06FBA15019738B80006D68CA /* OrGateTests.png */,
				06FBA15119738B80006D68CA /* XorGateTests.png */,
				06FBA1551973A197006D68CA /* NotGateTests.png */,
				06FBA1561973A1AF006D68CA /* SolidWire.png */,
				06C1D111196A7B6C00B8BDE4 /* JumperTests.png */,
				06C1D0FE195E96F000B8BDE4 /* StraightWireGreen.png */,
				06C1D0FF195E96F000B8BDE4 /* StraightWireOrange.png */,
				06C1D100195E96F000B8BDE4 /* StraightWires.png */,
				06C1D101195E96F000B8BDE4 /* WireOverlap.png */,
				06C1D102195E96F000B8BDE4 /* WirePair_16Full.png */,
				06C1D103195E96F000B8BDE4 /* WirePair_128Full.png */,
				06D8ED88194EA53500ACBD20 /* Circuit_2To4Decoder_v3.png */,
				06D8ED89194EA53500ACBD20 /* Circuit_2To4Decoder_v2.png */,
			);
			name = Circuits;
			sourceTree = "<group>";
		};
/* End PBXGroup section */

/* Begin PBXNativeTarget section */
		06D8ED76194EA4D600ACBD20 /* WireSim */ = {
			isa = PBXNativeTarget;
			buildConfigurationList = 06D8ED80194EA4D600ACBD20 /* Build configuration list for PBXNativeTarget "WireSim" */;
			buildPhases = (
				06D8ED73194EA4D600ACBD20 /* Sources */,
				06D8ED74194EA4D600ACBD20 /* Frameworks */,
				06D8ED75194EA4D600ACBD20 /* CopyFiles */,
			);
			buildRules = (
			);
			dependencies = (
			);
			name = WireSim;
			productName = WireSim;
			productReference = 06D8ED77194EA4D600ACBD20 /* WireSim */;
			productType = "com.apple.product-type.tool";
		};
/* End PBXNativeTarget section */

/* Begin PBXProject section */
		06D8ED6F194EA4D600ACBD20 /* Project object */ = {
			isa = PBXProject;
			attributes = {
				LastUpgradeCheck = 0510;
				ORGANIZATIONNAME = CoreS2;
			};
			buildConfigurationList = 06D8ED72194EA4D600ACBD20 /* Build configuration list for PBXProject "WireSim" */;
			compatibilityVersion = "Xcode 3.2";
			developmentRegion = English;
			hasScannedForEncodings = 0;
			knownRegions = (
				en,
			);
			mainGroup = 06D8ED6E194EA4D600ACBD20;
			productRefGroup = 06D8ED78194EA4D600ACBD20 /* Products */;
			projectDirPath = "";
			projectRoot = "";
			targets = (
				06D8ED76194EA4D600ACBD20 /* WireSim */,
			);
		};
/* End PBXProject section */

/* Begin PBXSourcesBuildPhase section */
		06D8ED73194EA4D600ACBD20 /* Sources */ = {
			isa = PBXSourcesBuildPhase;
			buildActionMask = 2147483647;
			files = (
				06D8ED7B194EA4D600ACBD20 /* main.cpp in Sources */,
				06D8ED8E19565DAE00ACBD20 /* WireSim.cpp in Sources */,
				06D8ED86194EA4F300ACBD20 /* lodepng.cpp in Sources */,
				06FBA14E197384A7006D68CA /* TestManager.cpp in Sources */,
			);
			runOnlyForDeploymentPostprocessing = 0;
		};
/* End PBXSourcesBuildPhase section */

/* Begin XCBuildConfiguration section */
		06D8ED7E194EA4D600ACBD20 /* Debug */ = {
			isa = XCBuildConfiguration;
			buildSettings = {
				ALWAYS_SEARCH_USER_PATHS = NO;
				CLANG_CXX_LANGUAGE_STANDARD = "gnu++0x";
				CLANG_CXX_LIBRARY = "libc++";
				CLANG_ENABLE_MODULES = YES;
				CLANG_ENABLE_OBJC_ARC = YES;
				CLANG_WARN_BOOL_CONVERSION = YES;
				CLANG_WARN_CONSTANT_CONVERSION = YES;
				CLANG_WARN_DIRECT_OBJC_ISA_USAGE = YES_ERROR;
				CLANG_WARN_EMPTY_BODY = YES;
				CLANG_WARN_ENUM_CONVERSION = YES;
				CLANG_WARN_INT_CONVERSION = YES;
				CLANG_WARN_OBJC_ROOT_CLASS = YES_ERROR;
				CLANG_WARN__DUPLICATE_METHOD_MATCH = YES;
				COPY_PHASE_STRIP = NO;
				GCC_C_LANGUAGE_STANDARD = gnu99;
				GCC_DYNAMIC_NO_PIC = NO;
				GCC_ENABLE_OBJC_EXCEPTIONS = YES;
				GCC_OPTIMIZATION_LEVEL = 0;
				GCC_PREPROCESSOR_DEFINITIONS = (
					"DEBUG=1",
					"$(inherited)",
				);
				GCC_SYMBOLS_PRIVATE_EXTERN = NO;
				GCC_WARN_64_TO_32_BIT_CONVERSION = YES;
				GCC_WARN_ABOUT_RETURN_TYPE = YES_ERROR;
				GCC_WARN_UNDECLARED_SELECTOR = YES;
				GCC_WARN_UNINITIALIZED_AUTOS = YES_AGGRESSIVE;
				GCC_WARN_UNUSED_FUNCTION = YES;
				GCC_WARN_UNUSED_VARIABLE = YES;
				MACOSX_DEPLOYMENT_TARGET = 10.9;
				ONLY_ACTIVE_ARCH = YES;
				SDKROOT = macosx;
			};
			name = Debug;
		};
		06D8ED7F194EA4D600ACBD20 /* Release */ = {
			isa = XCBuildConfiguration;
			buildSettings = {
				ALWAYS_SEARCH_USER_PATHS = NO;
				CLANG_CXX_LANGUAGE_STANDARD = "gnu++0x";
				CLANG_CXX_LIBRARY = "libc++";
				CLANG_ENABLE_MODULES = YES;
				CLANG_ENABLE_OBJC_ARC = YES;
				CLANG_WARN_BOOL_CONVERSION = YES;
				CLANG_WARN_CONSTANT_CONVERSION = YES;
				CLANG_WARN_DIRECT_OBJC_ISA_USAGE = YES_ERROR;
				CLANG_WARN_EMPTY_BODY = YES;
				CLANG_WARN_ENUM_CONVERSION = YES;
				CLANG_WARN_INT_CONVERSION = YES;
				CLANG_WARN_OBJC_ROOT_CLASS = YES_ERROR;
				CLANG_WARN__DUPLICATE_METHOD_MATCH = YES;
				COPY_PHASE_STRIP = YES;
				DEBUG_INFORMATION_FORMAT = "dwarf-with-dsym";
				ENABLE_NS_ASSERTIONS = NO;
				GCC_C_LANGUAGE_STANDARD = gnu99;
				GCC_ENABLE_OBJC_EXCEPTIONS = YES;
				GCC_WARN_64_TO_32_BIT_CONVERSION = YES;
				GCC_WARN_ABOUT_RETURN_TYPE = YES_ERROR;
				GCC_WARN_UNDECLARED_SELECTOR = YES;
				GCC_WARN_UNINITIALIZED_AUTOS = YES_AGGRESSIVE;
				GCC_WARN_UNUSED_FUNCTION = YES;
				GCC_WARN_UNUSED_VARIABLE = YES;
				MACOSX_DEPLOYMENT_TARGET = 10.9;
				SDKROOT = macosx;
			};
			name = Release;
		};
		06D8ED81194EA4D600ACBD20 /* Debug */ = {
			isa = XCBuildConfiguration;
			buildSettings = {
				PRODUCT_NAME = "$(TARGET_NAME)";
			};
			name = Debug;
		};
		06D8ED82194EA4D600ACBD20 /* Release */ = {
			isa = XCBuildConfiguration;
			buildSettings = {
				PRODUCT_NAME = "$(TARGET_NAME)";
			};
			name = Release;
		};
/* End XCBuildConfiguration section */

/* Begin XCConfigurationList section */
		06D8ED72194EA4D600ACBD20 /* Build configuration list for PBXProject "WireSim" */ = {
			isa = XCConfigurationList;
			buildConfigurations = (
				06D8ED7E194EA4D600ACBD20 /* Debug */,
				06D8ED7F194EA4D600ACBD20 /* Release */,
			);
			defaultConfigurationIsVisible = 0;
			defaultConfigurationName = Release;
		};
		06D8ED80194EA4D600ACBD20 /* Build configuration list for PBXNativeTarget "WireSim" */ = {
			isa = XCConfigurationList;
			buildConfigurations = (
				06D8ED81194EA4D600ACBD20 /* Debug */,
				06D8ED82194EA4D600ACBD20 /* Release */,
			);
			defaultConfigurationIsVisible = 0;
			defaultConfigurationName = Release;
		};
/* End XCConfigurationList section */
	};
	rootObject = 06D8ED6F194EA4D600ACBD20 /* Project object */;
}
